hash: 199870cfe9127757ba68eb7ab28de0c166aaf2ab492483846ec0fca789fd0c74
updated: 2016-12-14T17:18:41.105620255+02:00
imports:
- name: github.com/andybalholm/cascadia
  version: 196d48ce4ae8cf1c8f87088d2884eca214240887
- name: github.com/ddliu/go-httpclient
  version: 7a5db79c2f4120d8a8cb58f2b9136e7a48fdfc65
- name: github.com/gin-gonic/gin
  version: e2212d40c62a98b388a5eb48ecbdcf88534688ba
  subpackages:
  - binding
  - render
- name: github.com/go-errors/errors
  version: 8fa88b06e5974e97fbf9899a7f86a344bfd1f105
- name: github.com/golang/protobuf
  version: 2402d76f3d41f928c7902a765dfc872356dd3aad
  subpackages:
  - proto
- name: github.com/kr/pty
  version: ce7fa45920dc37a92de8377972e52bc55ffa8d57
- name: github.com/manucorporat/sse
  version: ee05b128a739a0fb76c7ebd3ae4810c1de808d6d
- name: github.com/mattn/go-isatty
  version: 30a891c33c7cde7b02a981314b4228ec99380cca
- name: github.com/otium/ytdl
  version: 84abf685f7bd7f78afc8090b1c2cbdcd99f1e5ce
- name: github.com/PuerkitoBio/goquery
  version: 152b1a2c8f5d0340f658bb656032a39b94e52958
- name: github.com/Sirupsen/logrus
  version: 881bee4e20a5d11a6a88a5667c6f292072ac1963
- name: golang.org/x/net
  version: f315505cf3349909cdf013ea56690da34e96a451
  subpackages:
  - context
  - context/ctxhttp
  - html
  - html/atom
- name: golang.org/x/sys
  version: 478fcf54317e52ab69f40bb4c7a1520288d7f7ea
  subpackages:
  - unix
- name: google.golang.org/api
  version: 6ae94d3fbc17a6600999dc24c28bd01735a87b76
  subpackages:
  - gensupport
  - googleapi
  - googleapi/internal/uritemplates
  - googleapi/transport
  - youtube/v3
- name: gopkg.in/gin-contrib/cors.v1
  version: fb918bcd825b9e20f0c3c365981baf9454029b6c
- name: gopkg.in/gin-gonic/gin.v1
  version: e2212d40c62a98b388a5eb48ecbdcf88534688ba
- name: gopkg.in/go-playground/validator.v8
  version: c193cecd124b5cc722d7ee5538e945bdb3348435
- name: gopkg.in/yaml.v2
  version: a5b47d31c556af34a302ce5d659e6fea44d90de0
testImports: []
