hash: ef7752e7762f5dbd0a18c097fb306badb915103a04887bd6aed0cf5260753eff
updated: 2016-12-26T21:59:42.777431234+02:00
imports:
- name: github.com/adrg/libvlc-go
  version: c84c9dc2c38d96dcf76e24afcd1b7e241e44d44c
- name: github.com/andybalholm/cascadia
  version: 196d48ce4ae8cf1c8f87088d2884eca214240887
- name: github.com/ansel1/merry
  version: e1c02f7f58d855a1aa2a8751c06adca27773da67
- name: github.com/asdine/storm
  version: d068dc26a6cc4f53186cf51c298c863444148242
  subpackages:
  - codec
  - codec/json
  - index
  - internal
  - q
- name: github.com/boltdb/bolt
  version: 583e8937c61f1af6513608ccc75c97b6abdf4ff9
- name: github.com/ddliu/go-httpclient
  version: 6dc3c81f67fe0727278fc53e6b65e8423c6e3a23
- name: github.com/emirpasic/gods
  version: ec46b0116df083cba218abbf72522c6d0c065e4e
  subpackages:
  - containers
  - trees
  - trees/redblacktree
  - utils
- name: github.com/gin-gonic/gin
  version: e2212d40c62a98b388a5eb48ecbdcf88534688ba
  subpackages:
  - binding
  - render
- name: github.com/go-errors/errors
  version: 8fa88b06e5974e97fbf9899a7f86a344bfd1f105
- name: github.com/golang/protobuf
  version: 2402d76f3d41f928c7902a765dfc872356dd3aad
  subpackages:
  - proto
- name: github.com/gorilla/websocket
  version: 3ab3a8b8831546bd18fd182c20687ca853b2bb13
- name: github.com/kr/pty
  version: ce7fa45920dc37a92de8377972e52bc55ffa8d57
- name: github.com/manucorporat/sse
  version: ee05b128a739a0fb76c7ebd3ae4810c1de808d6d
- name: github.com/mattn/go-isatty
  version: 30a891c33c7cde7b02a981314b4228ec99380cca
- name: github.com/otium/ytdl
  version: 84abf685f7bd7f78afc8090b1c2cbdcd99f1e5ce
- name: github.com/PuerkitoBio/goquery
  version: 56a198aba89cdf7a612e6c762eff9d788b9f2dae
- name: github.com/Sirupsen/logrus
  version: d26492970760ca5d33129d2d799e34be5c4782eb
- name: github.com/urfave/cli
  version: 0bdeddeeb0f650497d603c4ad7b20cfe685682f6
- name: golang.org/x/net
  version: f315505cf3349909cdf013ea56690da34e96a451
  subpackages:
  - context
  - context/ctxhttp
  - html
  - html/atom
- name: golang.org/x/sys
  version: d75a52659825e75fff6158388dddc6a5b04f9ba5
  subpackages:
  - unix
- name: golang.org/x/text
  version: a49bea13b776691cb1b49873e5d8df96ec74831a
  subpackages:
  - encoding
- name: google.golang.org/api
  version: 55146ba61254fdb1c26d65ff3c04bc1611ad73fb
  subpackages:
  - gensupport
  - googleapi
  - googleapi/internal/uritemplates
  - googleapi/transport
  - youtube/v3
- name: gopkg.in/gin-contrib/cors.v1
  version: fb918bcd825b9e20f0c3c365981baf9454029b6c
- name: gopkg.in/gin-gonic/gin.v1
  version: e2212d40c62a98b388a5eb48ecbdcf88534688ba
- name: gopkg.in/go-playground/validator.v8
  version: c193cecd124b5cc722d7ee5538e945bdb3348435
- name: gopkg.in/igm/sockjs-go.v2
  version: d276e9ffe5cc5c271b81198cc77a2adf6c4482d2
  subpackages:
  - sockjs
- name: gopkg.in/yaml.v2
  version: a5b47d31c556af34a302ce5d659e6fea44d90de0
testImports: []
